
Microsoft Visual Studio Solution File, Format Version 12.00
# Visual Studio Version 17
VisualStudioVersion = 17.1.32421.90
MinimumVisualStudioVersion = 10.0.40219.1
Project("{8BC9CEB8-8B4A-11D0-8D11-00A0C91BC942}") = "Snake sfml", "Snake sfml\Snake sfml.vcxproj", "{83E45002-1782-4800-B7F2-875D9EE1C0DD}"
EndProject
Global
	GlobalSection(SolutionConfigurationPlatforms) = preSolution
		Debug|x64 = Debug|x64
		Debug|x86 = Debug|x86
		Release|x64 = Release|x64
		Release|x86 = Release|x86
	EndGlobalSection
	GlobalSection(ProjectConfigurationPlatforms) = postSolution
		{83E45002-1782-4800-B7F2-875D9EE1C0DD}.Debug|x64.ActiveCfg = Debug|x64
		{83E45002-1782-4800-B7F2-875D9EE1C0DD}.Debug|x64.Build.0 = Debug|x64
		{83E45002-1782-4800-B7F2-875D9EE1C0DD}.Debug|x86.ActiveCfg = Debug|Win32
		{83E45002-1782-4800-B7F2-875D9EE1C0DD}.Debug|x86.Build.0 = Debug|Win32
		{83E45002-1782-4800-B7F2-875D9EE1C0DD}.Release|x64.ActiveCfg = Release|x64
		{83E45002-1782-4800-B7F2-875D9EE1C0DD}.Release|x64.Build.0 = Release|x64
		{83E45002-1782-4800-B7F2-875D9EE1C0DD}.Release|x86.ActiveCfg = Release|Win32
		{83E45002-1782-4800-B7F2-875D9EE1C0DD}.Release|x86.Build.0 = Release|Win32
	EndGlobalSection
	GlobalSection(SolutionProperties) = preSolution
		HideSolutionNode = FALSE
	EndGlobalSection
	GlobalSection(ExtensibilityGlobals) = postSolution
		SolutionGuid = {194B7D30-7AB7-4B01-B7A9-9F7EC358B08D}
	EndGlobalSection
EndGlobal
